
Microsoft Visual Studio Solution File, Format Version 12.00
# Visual Studio Version 17
VisualStudioVersion = 17.7.34024.191
MinimumVisualStudioVersion = 10.0.40219.1
Project("{9A19103F-16F7-4668-BE54-9A1E7A4F7556}") = "MMIP.Client", "src\MMIP.Client\MMIP.Client.csproj", "{8ED473BB-B832-4800-AF96-88F48E0EAAA8}"
EndProject
Project("{9A19103F-16F7-4668-BE54-9A1E7A4F7556}") = "MMIP.Environment", "src\MMIP.Environment\MMIP.Environment.csproj", "{F4932617-ABAF-4E9E-86D4-57A64269A428}"
EndProject
Project("{9A19103F-16F7-4668-BE54-9A1E7A4F7556}") = "MMIP.Infrastructure", "src\MMIP.Infrastructure\MMIP.Infrastructure.csproj", "{7C138F2B-14B8-47D4-B4E7-8F36F0DFE9DB}"
EndProject
Project("{9A19103F-16F7-4668-BE54-9A1E7A4F7556}") = "MMIP.Server", "src\MMIP.Server\MMIP.Server.csproj", "{099B58A8-80A3-4D97-B67F-5C83A39B379A}"
EndProject
Project("{9A19103F-16F7-4668-BE54-9A1E7A4F7556}") = "MMIP.Shared", "src\MMIP.Shared\MMIP.Shared.csproj", "{89D419C2-C767-47C4-86FA-32FD5FBA305D}"
EndProject
Project("{9A19103F-16F7-4668-BE54-9A1E7A4F7556}") = "MMIP.Test", "src\MMIP.Test\MMIP.Test.csproj", "{5865AF14-BC74-452E-853C-DF0146D11F8C}"
EndProject
Project("{9A19103F-16F7-4668-BE54-9A1E7A4F7556}") = "MMIP.Test.Infrastructure", "src\MMIP.Test.Infrastructure\MMIP.Test.Infrastructure.csproj", "{81DC3DC5-6D51-4E4A-A173-0557E1008890}"
EndProject
Project("{9A19103F-16F7-4668-BE54-9A1E7A4F7556}") = "MMIP.Application", "src\MMIP.Application\MMIP.Application.csproj", "{C1C33230-609E-4DC6-8E79-A6FF076DACD5}"
EndProject
Project("{9A19103F-16F7-4668-BE54-9A1E7A4F7556}") = "MMIP.Test.Integration", "src\MMIP.Test\MMIP.Test.Integration\MMIP.Test.Integration.csproj", "{58208A27-7528-4F37-B0B5-CD6B24D22A5D}"
EndProject
Global
	GlobalSection(SolutionConfigurationPlatforms) = preSolution
		Debug|Any CPU = Debug|Any CPU
		Release|Any CPU = Release|Any CPU
	EndGlobalSection
	GlobalSection(ProjectConfigurationPlatforms) = postSolution
		{8ED473BB-B832-4800-AF96-88F48E0EAAA8}.Debug|Any CPU.ActiveCfg = Debug|Any CPU
		{8ED473BB-B832-4800-AF96-88F48E0EAAA8}.Debug|Any CPU.Build.0 = Debug|Any CPU
		{8ED473BB-B832-4800-AF96-88F48E0EAAA8}.Release|Any CPU.ActiveCfg = Release|Any CPU
		{8ED473BB-B832-4800-AF96-88F48E0EAAA8}.Release|Any CPU.Build.0 = Release|Any CPU
		{F4932617-ABAF-4E9E-86D4-57A64269A428}.Debug|Any CPU.ActiveCfg = Debug|Any CPU
		{F4932617-ABAF-4E9E-86D4-57A64269A428}.Debug|Any CPU.Build.0 = Debug|Any CPU
		{F4932617-ABAF-4E9E-86D4-57A64269A428}.Release|Any CPU.ActiveCfg = Release|Any CPU
		{F4932617-ABAF-4E9E-86D4-57A64269A428}.Release|Any CPU.Build.0 = Release|Any CPU
		{7C138F2B-14B8-47D4-B4E7-8F36F0DFE9DB}.Debug|Any CPU.ActiveCfg = Debug|Any CPU
		{7C138F2B-14B8-47D4-B4E7-8F36F0DFE9DB}.Debug|Any CPU.Build.0 = Debug|Any CPU
		{7C138F2B-14B8-47D4-B4E7-8F36F0DFE9DB}.Release|Any CPU.ActiveCfg = Release|Any CPU
		{7C138F2B-14B8-47D4-B4E7-8F36F0DFE9DB}.Release|Any CPU.Build.0 = Release|Any CPU
		{099B58A8-80A3-4D97-B67F-5C83A39B379A}.Debug|Any CPU.ActiveCfg = Debug|Any CPU
		{099B58A8-80A3-4D97-B67F-5C83A39B379A}.Debug|Any CPU.Build.0 = Debug|Any CPU
		{099B58A8-80A3-4D97-B67F-5C83A39B379A}.Release|Any CPU.ActiveCfg = Release|Any CPU
		{099B58A8-80A3-4D97-B67F-5C83A39B379A}.Release|Any CPU.Build.0 = Release|Any CPU
		{89D419C2-C767-47C4-86FA-32FD5FBA305D}.Debug|Any CPU.ActiveCfg = Debug|Any CPU
		{89D419C2-C767-47C4-86FA-32FD5FBA305D}.Debug|Any CPU.Build.0 = Debug|Any CPU
		{89D419C2-C767-47C4-86FA-32FD5FBA305D}.Release|Any CPU.ActiveCfg = Release|Any CPU
		{89D419C2-C767-47C4-86FA-32FD5FBA305D}.Release|Any CPU.Build.0 = Release|Any CPU
		{5865AF14-BC74-452E-853C-DF0146D11F8C}.Debug|Any CPU.ActiveCfg = Debug|Any CPU
		{5865AF14-BC74-452E-853C-DF0146D11F8C}.Debug|Any CPU.Build.0 = Debug|Any CPU
		{5865AF14-BC74-452E-853C-DF0146D11F8C}.Release|Any CPU.ActiveCfg = Release|Any CPU
		{5865AF14-BC74-452E-853C-DF0146D11F8C}.Release|Any CPU.Build.0 = Release|Any CPU
		{81DC3DC5-6D51-4E4A-A173-0557E1008890}.Debug|Any CPU.ActiveCfg = Debug|Any CPU
		{81DC3DC5-6D51-4E4A-A173-0557E1008890}.Debug|Any CPU.Build.0 = Debug|Any CPU
		{81DC3DC5-6D51-4E4A-A173-0557E1008890}.Release|Any CPU.ActiveCfg = Release|Any CPU
		{81DC3DC5-6D51-4E4A-A173-0557E1008890}.Release|Any CPU.Build.0 = Release|Any CPU
		{C1C33230-609E-4DC6-8E79-A6FF076DACD5}.Debug|Any CPU.ActiveCfg = Debug|Any CPU
		{C1C33230-609E-4DC6-8E79-A6FF076DACD5}.Debug|Any CPU.Build.0 = Debug|Any CPU
		{C1C33230-609E-4DC6-8E79-A6FF076DACD5}.Release|Any CPU.ActiveCfg = Release|Any CPU
		{C1C33230-609E-4DC6-8E79-A6FF076DACD5}.Release|Any CPU.Build.0 = Release|Any CPU
		{58208A27-7528-4F37-B0B5-CD6B24D22A5D}.Debug|Any CPU.ActiveCfg = Debug|Any CPU
		{58208A27-7528-4F37-B0B5-CD6B24D22A5D}.Debug|Any CPU.Build.0 = Debug|Any CPU
		{58208A27-7528-4F37-B0B5-CD6B24D22A5D}.Release|Any CPU.ActiveCfg = Release|Any CPU
		{58208A27-7528-4F37-B0B5-CD6B24D22A5D}.Release|Any CPU.Build.0 = Release|Any CPU
	EndGlobalSection
	GlobalSection(SolutionProperties) = preSolution
		HideSolutionNode = FALSE
	EndGlobalSection
	GlobalSection(ExtensibilityGlobals) = postSolution
		SolutionGuid = {E01967BE-97E2-4177-95DC-C6488B77A8E5}
	EndGlobalSection
EndGlobal
